
Microsoft Visual Studio Solution File, Format Version 12.00
# Visual Studio 15
VisualStudioVersion = 15.0.26124.0
MinimumVisualStudioVersion = 15.0.26124.0
Project("{FAE04EC0-301F-11D3-BF4B-00C04F79EFBC}") = "ProAgil.API", "ProAgil.API\ProAgil.API.csproj", "{6F3364B9-B92C-44AA-9C0E-B39D3A86D02E}"
EndProject
Project("{FAE04EC0-301F-11D3-BF4B-00C04F79EFBC}") = "ProAgil.Repository", "ProAgil.Repository\ProAgil.Repository.csproj", "{860730B0-910B-4D5D-A997-8B908479A23E}"
EndProject
Project("{FAE04EC0-301F-11D3-BF4B-00C04F79EFBC}") = "ProAgil.Domain", "ProAgil.Domain\ProAgil.Domain.csproj", "{92801EE1-6D15-4BF4-A620-2404120FFEE9}"
EndProject
Global
	GlobalSection(SolutionConfigurationPlatforms) = preSolution
		Debug|Any CPU = Debug|Any CPU
		Debug|x64 = Debug|x64
		Debug|x86 = Debug|x86
		Release|Any CPU = Release|Any CPU
		Release|x64 = Release|x64
		Release|x86 = Release|x86
	EndGlobalSection
	GlobalSection(SolutionProperties) = preSolution
		HideSolutionNode = FALSE
	EndGlobalSection
	GlobalSection(ProjectConfigurationPlatforms) = postSolution
		{6F3364B9-B92C-44AA-9C0E-B39D3A86D02E}.Debug|Any CPU.ActiveCfg = Debug|Any CPU
		{6F3364B9-B92C-44AA-9C0E-B39D3A86D02E}.Debug|Any CPU.Build.0 = Debug|Any CPU
		{6F3364B9-B92C-44AA-9C0E-B39D3A86D02E}.Debug|x64.ActiveCfg = Debug|Any CPU
		{6F3364B9-B92C-44AA-9C0E-B39D3A86D02E}.Debug|x64.Build.0 = Debug|Any CPU
		{6F3364B9-B92C-44AA-9C0E-B39D3A86D02E}.Debug|x86.ActiveCfg = Debug|Any CPU
		{6F3364B9-B92C-44AA-9C0E-B39D3A86D02E}.Debug|x86.Build.0 = Debug|Any CPU
		{6F3364B9-B92C-44AA-9C0E-B39D3A86D02E}.Release|Any CPU.ActiveCfg = Release|Any CPU
		{6F3364B9-B92C-44AA-9C0E-B39D3A86D02E}.Release|Any CPU.Build.0 = Release|Any CPU
		{6F3364B9-B92C-44AA-9C0E-B39D3A86D02E}.Release|x64.ActiveCfg = Release|Any CPU
		{6F3364B9-B92C-44AA-9C0E-B39D3A86D02E}.Release|x64.Build.0 = Release|Any CPU
		{6F3364B9-B92C-44AA-9C0E-B39D3A86D02E}.Release|x86.ActiveCfg = Release|Any CPU
		{6F3364B9-B92C-44AA-9C0E-B39D3A86D02E}.Release|x86.Build.0 = Release|Any CPU
		{860730B0-910B-4D5D-A997-8B908479A23E}.Debug|Any CPU.ActiveCfg = Debug|Any CPU
		{860730B0-910B-4D5D-A997-8B908479A23E}.Debug|Any CPU.Build.0 = Debug|Any CPU
		{860730B0-910B-4D5D-A997-8B908479A23E}.Debug|x64.ActiveCfg = Debug|Any CPU
		{860730B0-910B-4D5D-A997-8B908479A23E}.Debug|x64.Build.0 = Debug|Any CPU
		{860730B0-910B-4D5D-A997-8B908479A23E}.Debug|x86.ActiveCfg = Debug|Any CPU
		{860730B0-910B-4D5D-A997-8B908479A23E}.Debug|x86.Build.0 = Debug|Any CPU
		{860730B0-910B-4D5D-A997-8B908479A23E}.Release|Any CPU.ActiveCfg = Release|Any CPU
		{860730B0-910B-4D5D-A997-8B908479A23E}.Release|Any CPU.Build.0 = Release|Any CPU
		{860730B0-910B-4D5D-A997-8B908479A23E}.Release|x64.ActiveCfg = Release|Any CPU
		{860730B0-910B-4D5D-A997-8B908479A23E}.Release|x64.Build.0 = Release|Any CPU
		{860730B0-910B-4D5D-A997-8B908479A23E}.Release|x86.ActiveCfg = Release|Any CPU
		{860730B0-910B-4D5D-A997-8B908479A23E}.Release|x86.Build.0 = Release|Any CPU
		{92801EE1-6D15-4BF4-A620-2404120FFEE9}.Debug|Any CPU.ActiveCfg = Debug|Any CPU
		{92801EE1-6D15-4BF4-A620-2404120FFEE9}.Debug|Any CPU.Build.0 = Debug|Any CPU
		{92801EE1-6D15-4BF4-A620-2404120FFEE9}.Debug|x64.ActiveCfg = Debug|Any CPU
		{92801EE1-6D15-4BF4-A620-2404120FFEE9}.Debug|x64.Build.0 = Debug|Any CPU
		{92801EE1-6D15-4BF4-A620-2404120FFEE9}.Debug|x86.ActiveCfg = Debug|Any CPU
		{92801EE1-6D15-4BF4-A620-2404120FFEE9}.Debug|x86.Build.0 = Debug|Any CPU
		{92801EE1-6D15-4BF4-A620-2404120FFEE9}.Release|Any CPU.ActiveCfg = Release|Any CPU
		{92801EE1-6D15-4BF4-A620-2404120FFEE9}.Release|Any CPU.Build.0 = Release|Any CPU
		{92801EE1-6D15-4BF4-A620-2404120FFEE9}.Release|x64.ActiveCfg = Release|Any CPU
		{92801EE1-6D15-4BF4-A620-2404120FFEE9}.Release|x64.Build.0 = Release|Any CPU
		{92801EE1-6D15-4BF4-A620-2404120FFEE9}.Release|x86.ActiveCfg = Release|Any CPU
		{92801EE1-6D15-4BF4-A620-2404120FFEE9}.Release|x86.Build.0 = Release|Any CPU
	EndGlobalSection
EndGlobal
